
Microsoft Visual Studio Solution File, Format Version 12.00
# Visual Studio 15
VisualStudioVersion = 15.0.28010.2050
MinimumVisualStudioVersion = 10.0.40219.1
Project("{FAE04EC0-301F-11D3-BF4B-00C04F79EFBC}") = "RestaurantManager", "RestaurantManager\RestaurantManager.csproj", "{5257ADAD-79E2-4399-8490-F032056AAD58}"
EndProject
Project("{FAE04EC0-301F-11D3-BF4B-00C04F79EFBC}") = "TestRestaurantManager", "TestRestaurantManager\TestRestaurantManager.csproj", "{9C303A47-5DBB-43BC-AC34-C6E50201C2FB}"
EndProject
Project("{FAE04EC0-301F-11D3-BF4B-00C04F79EFBC}") = "Common", "Common\Common.csproj", "{FC48E88C-4A5B-4A87-9C8F-11606976ACCE}"
EndProject
Global
	GlobalSection(SolutionConfigurationPlatforms) = preSolution
		Debug|Any CPU = Debug|Any CPU
		Release|Any CPU = Release|Any CPU
	EndGlobalSection
	GlobalSection(ProjectConfigurationPlatforms) = postSolution
		{5257ADAD-79E2-4399-8490-F032056AAD58}.Debug|Any CPU.ActiveCfg = Debug|Any CPU
		{5257ADAD-79E2-4399-8490-F032056AAD58}.Debug|Any CPU.Build.0 = Debug|Any CPU
		{5257ADAD-79E2-4399-8490-F032056AAD58}.Release|Any CPU.ActiveCfg = Release|Any CPU
		{5257ADAD-79E2-4399-8490-F032056AAD58}.Release|Any CPU.Build.0 = Release|Any CPU
		{9C303A47-5DBB-43BC-AC34-C6E50201C2FB}.Debug|Any CPU.ActiveCfg = Debug|Any CPU
		{9C303A47-5DBB-43BC-AC34-C6E50201C2FB}.Debug|Any CPU.Build.0 = Debug|Any CPU
		{9C303A47-5DBB-43BC-AC34-C6E50201C2FB}.Release|Any CPU.ActiveCfg = Release|Any CPU
		{9C303A47-5DBB-43BC-AC34-C6E50201C2FB}.Release|Any CPU.Build.0 = Release|Any CPU
		{FC48E88C-4A5B-4A87-9C8F-11606976ACCE}.Debug|Any CPU.ActiveCfg = Debug|Any CPU
		{FC48E88C-4A5B-4A87-9C8F-11606976ACCE}.Debug|Any CPU.Build.0 = Debug|Any CPU
		{FC48E88C-4A5B-4A87-9C8F-11606976ACCE}.Release|Any CPU.ActiveCfg = Release|Any CPU
		{FC48E88C-4A5B-4A87-9C8F-11606976ACCE}.Release|Any CPU.Build.0 = Release|Any CPU
	EndGlobalSection
	GlobalSection(SolutionProperties) = preSolution
		HideSolutionNode = FALSE
	EndGlobalSection
	GlobalSection(ExtensibilityGlobals) = postSolution
		SolutionGuid = {A6C24B04-9B70-4120-B459-055934883B96}
	EndGlobalSection
EndGlobal
